github.com/go-sql-driver/mysql v1.7.0 h1:ueSltNNllEqE3qcWBTD0iQd3IpL/6U+mJxLkazJ7YPc=
github.com/go-sql-driver/mysql v1.7.0/go.mod h1:OXbVy3sEdcQ2Doequ6Z5BW6fXNQTmx+9S1MCJN5yJMI=
github.com/rhuan-pk/pkutils/golang/aarm v0.0.0-20221212170030-22d83725739f h1:P62S5EF3dBMCOTfCLCbVhZGei+su3Le3R8QX1bLyvWw=
github.com/rhuan-pk/pkutils/golang/aarm v0.0.0-20221212170030-22d83725739f/go.mod h1:iOBb8BbtcobOgeF2zSnjNgtAfjIH/sm8lf1tOFL+mlI=
github.com/rhuan-pk/pkutils/golang/aarm v0.0.0-20221213132501-1e317f94b29e h1:fmx6Zh0LKTonDj3y3YHsLxBxbxqeAlP2R+4Tv35HrlA=
github.com/rhuan-pk/pkutils/golang/aarm v0.0.0-20221213132501-1e317f94b29e/go.mod h1:iOBb8BbtcobOgeF2zSnjNgtAfjIH/sm8lf1tOFL+mlI=
github.com/rhuan-pk/pkutils/golang/aarm v0.0.0-20221213142539-232b20c44564 h1:cl6L1rxodMalvJIYN4mA7bGoQQZQnwaDgh+wakiNbAk=
github.com/rhuan-pk/pkutils/golang/aarm v0.0.0-20221213142539-232b20c44564/go.mod h1:iOBb8BbtcobOgeF2zSnjNgtAfjIH/sm8lf1tOFL+mlI=
github.com/rhuan-pk/pkutils/golang/aarm v0.0.0-20221213150109-d7608d3aba7f h1:SOST/v9tF0N4qnDsCRqTThqNTm2U2waLGHU7BLr+rRQ=
github.com/rhuan-pk/pkutils/golang/aarm v0.0.0-20221213150109-d7608d3aba7f/go.mod h1:iOBb8BbtcobOgeF2zSnjNgtAfjIH/sm8lf1tOFL+mlI=
github.com/rhuan-pk/pkutils/golang/aarm v0.0.0-20221213150828-00afefa4cb8a h1:66mDUJqobD2Gz743tKWyiYLDIYp2CPn7pHVYg6yLOh4=
github.com/rhuan-pk/pkutils/golang/aarm v0.0.0-20221213150828-00afefa4cb8a/go.mod h1:iOBb8BbtcobOgeF2zSnjNgtAfjIH/sm8lf1tOFL+mlI=
github.com/rhuan-pk/pkutils/golang/adrm v0.0.0-20221212170030-22d83725739f h1:R6kWciLEI1t6BufO2H5cQEiqss8/b9bNt+NHgIB86v4=
github.com/rhuan-pk/pkutils/golang/adrm v0.0.0-20221212170030-22d83725739f/go.mod h1:mi20J5xkf+a4+nozIPJpSfvSzGOsY0Yx9sGu5oUGBoM=
github.com/rhuan-pk/pkutils/golang/adrm v0.0.0-20221213132501-1e317f94b29e h1:aQnxGN6b9fo4XgC06T0fnOxMTNyK8Zckt5uLdnG8G+8=
github.com/rhuan-pk/pkutils/golang/adrm v0.0.0-20221213132501-1e317f94b29e/go.mod h1:mi20J5xkf+a4+nozIPJpSfvSzGOsY0Yx9sGu5oUGBoM=
github.com/rhuan-pk/pkutils/golang/adrm v0.0.0-20221213142539-232b20c44564 h1:JrxjOdICIt4XNkatmMgJg6vUqALn5stC0NXWWOcDFEQ=
github.com/rhuan-pk/pkutils/golang/adrm v0.0.0-20221213142539-232b20c44564/go.mod h1:mi20J5xkf+a4+nozIPJpSfvSzGOsY0Yx9sGu5oUGBoM=
github.com/rhuan-pk/pkutils/golang/adrm v0.0.0-20221213150109-d7608d3aba7f h1:L7dU1XBVrNB15vRRzdL6IYqscdT44JIhZprk/NmK3oU=
github.com/rhuan-pk/pkutils/golang/adrm v0.0.0-20221213150109-d7608d3aba7f/go.mod h1:mi20J5xkf+a4+nozIPJpSfvSzGOsY0Yx9sGu5oUGBoM=
github.com/rhuan-pk/pkutils/golang/adrm v0.0.0-20221213150828-00afefa4cb8a h1:VC4EUZAndVrLcRkyfs39DrnM1hW5MXCAbRsw4T9WVQo=
github.com/rhuan-pk/pkutils/golang/adrm v0.0.0-20221213150828-00afefa4cb8a/go.mod h1:mi20J5xkf+a4+nozIPJpSfvSzGOsY0Yx9sGu5oUGBoM=
github.com/rhuan-pk/pkutils/golang/rdts v0.0.0-20221212170030-22d83725739f h1:sf5QG6mApgXO+dwTbMnj0rc/m9OoKHcEMMYDDiFJz1M=
github.com/rhuan-pk/pkutils/golang/rdts v0.0.0-20221212170030-22d83725739f/go.mod h1:j7LEFHOXUNUnMK1hkHjyG6tzQ6z62ZfR+7qGaoiGN+U=
github.com/rhuan-pk/pkutils/golang/rdts v0.0.0-20221213132501-1e317f94b29e h1:7LGDFi4XXVwt7s1MUAkr0R9/X6A6trMRJnTsVJRq71c=
github.com/rhuan-pk/pkutils/golang/rdts v0.0.0-20221213132501-1e317f94b29e/go.mod h1:j7LEFHOXUNUnMK1hkHjyG6tzQ6z62ZfR+7qGaoiGN+U=
github.com/rhuan-pk/pkutils/golang/rdts v0.0.0-20221213142539-232b20c44564 h1:3E1TrIpkFS2hnTeEPW2A4Wyvf/DymuXHs37OOLcPG5E=
github.com/rhuan-pk/pkutils/golang/rdts v0.0.0-20221213142539-232b20c44564/go.mod h1:j7LEFHOXUNUnMK1hkHjyG6tzQ6z62ZfR+7qGaoiGN+U=
github.com/rhuan-pk/pkutils/golang/rdts v0.0.0-20221213150109-d7608d3aba7f h1:ex0QkmaZq61FF63fEy3WCVhBEN1js4rUPDd6x6iKDNU=
github.com/rhuan-pk/pkutils/golang/rdts v0.0.0-20221213150109-d7608d3aba7f/go.mod h1:j7LEFHOXUNUnMK1hkHjyG6tzQ6z62ZfR+7qGaoiGN+U=
github.com/rhuan-pk/pkutils/golang/rdts v0.0.0-20221213150828-00afefa4cb8a h1:6yRo5NFdtcR7vIykzei1m+k6eMd3MZSsoUsLtlbCx2k=
github.com/rhuan-pk/pkutils/golang/rdts v0.0.0-20221213150828-00afefa4cb8a/go.mod h1:j7LEFHOXUNUnMK1hkHjyG6tzQ6z62ZfR+7qGaoiGN+U=
